
Microsoft Visual Studio Solution File, Format Version 12.00
# Visual Studio Version 17
VisualStudioVersion = 17.5.002.0
MinimumVisualStudioVersion = 10.0.40219.1
Project("{9A19103F-16F7-4668-BE54-9A1E7A4F7556}") = "DesignPattern_State", "DesignPattern_State.csproj", "{DFAA26D0-8F7F-4F66-ADFD-5B629B4C551B}"
EndProject
Global
	GlobalSection(SolutionConfigurationPlatforms) = preSolution
		Debug|Any CPU = Debug|Any CPU
		Release|Any CPU = Release|Any CPU
	EndGlobalSection
	GlobalSection(ProjectConfigurationPlatforms) = postSolution
		{DFAA26D0-8F7F-4F66-ADFD-5B629B4C551B}.Debug|Any CPU.ActiveCfg = Debug|Any CPU
		{DFAA26D0-8F7F-4F66-ADFD-5B629B4C551B}.Debug|Any CPU.Build.0 = Debug|Any CPU
		{DFAA26D0-8F7F-4F66-ADFD-5B629B4C551B}.Release|Any CPU.ActiveCfg = Release|Any CPU
		{DFAA26D0-8F7F-4F66-ADFD-5B629B4C551B}.Release|Any CPU.Build.0 = Release|Any CPU
	EndGlobalSection
	GlobalSection(SolutionProperties) = preSolution
		HideSolutionNode = FALSE
	EndGlobalSection
	GlobalSection(ExtensibilityGlobals) = postSolution
		SolutionGuid = {62865B06-B8C8-4171-B50A-30F9D1CB8447}
	EndGlobalSection
EndGlobal
