
Microsoft Visual Studio Solution File, Format Version 12.00
# Visual Studio Version 17
VisualStudioVersion = 17.5.002.0
MinimumVisualStudioVersion = 10.0.40219.1
Project("{9A19103F-16F7-4668-BE54-9A1E7A4F7556}") = "DesignPattern_Visitor", "DesignPattern_Visitor.csproj", "{A9819A92-9AA5-4C92-B0E3-9C3F6A9BBDDD}"
EndProject
Global
	GlobalSection(SolutionConfigurationPlatforms) = preSolution
		Debug|Any CPU = Debug|Any CPU
		Release|Any CPU = Release|Any CPU
	EndGlobalSection
	GlobalSection(ProjectConfigurationPlatforms) = postSolution
		{A9819A92-9AA5-4C92-B0E3-9C3F6A9BBDDD}.Debug|Any CPU.ActiveCfg = Debug|Any CPU
		{A9819A92-9AA5-4C92-B0E3-9C3F6A9BBDDD}.Debug|Any CPU.Build.0 = Debug|Any CPU
		{A9819A92-9AA5-4C92-B0E3-9C3F6A9BBDDD}.Release|Any CPU.ActiveCfg = Release|Any CPU
		{A9819A92-9AA5-4C92-B0E3-9C3F6A9BBDDD}.Release|Any CPU.Build.0 = Release|Any CPU
	EndGlobalSection
	GlobalSection(SolutionProperties) = preSolution
		HideSolutionNode = FALSE
	EndGlobalSection
	GlobalSection(ExtensibilityGlobals) = postSolution
		SolutionGuid = {C2E90D00-E0FD-4AFE-A7AE-0BAC5437F75F}
	EndGlobalSection
EndGlobal
